# This file is autogenerated, do not edit; changes may be undone by the next 'dep ensure'.


[[projects]]
  branch = "master"
  name = "github.com/buger/goterm"
  packages = ["."]
  revision = "c9def0117b24a53e86f6c4c942e4042090a4fe8c"

[[projects]]
  name = "github.com/mandykoh/go-bump"
  packages = ["."]
  revision = "5f33b5db0d353e42812778209e13b824f1e6cf65"
  version = "0.1.0"

[[projects]]
  branch = "master"
  name = "golang.org/x/sys"
  packages = ["unix"]
  revision = "79b0c6888797020a994db17c8510466c72fe75d9"

[solve-meta]
  analyzer-name = "dep"
  analyzer-version = 1
  inputs-digest = "57dcaa344fc210dd07c94726cb517008b7e4c92c9a1bd37e9a3b9aa955dcdb84"
  solver-name = "gps-cdcl"
  solver-version = 1
